
Microsoft Visual Studio Solution File, Format Version 12.00
# Visual Studio Version 16
VisualStudioVersion = 16.0.31515.178
MinimumVisualStudioVersion = 10.0.40219.1
Project("{FAE04EC0-301F-11D3-BF4B-00C04F79EFBC}") = "ConsoleApp6", "ConsoleApp6.csproj", "{3ED640D0-EC93-4BAD-8621-8718ACCC5C55}"
EndProject
Global
	GlobalSection(SolutionConfigurationPlatforms) = preSolution
		Debug|Any CPU = Debug|Any CPU
		Release|Any CPU = Release|Any CPU
	EndGlobalSection
	GlobalSection(ProjectConfigurationPlatforms) = postSolution
		{3ED640D0-EC93-4BAD-8621-8718ACCC5C55}.Debug|Any CPU.ActiveCfg = Debug|Any CPU
		{3ED640D0-EC93-4BAD-8621-8718ACCC5C55}.Debug|Any CPU.Build.0 = Debug|Any CPU
		{3ED640D0-EC93-4BAD-8621-8718ACCC5C55}.Release|Any CPU.ActiveCfg = Release|Any CPU
		{3ED640D0-EC93-4BAD-8621-8718ACCC5C55}.Release|Any CPU.Build.0 = Release|Any CPU
	EndGlobalSection
	GlobalSection(SolutionProperties) = preSolution
		HideSolutionNode = FALSE
	EndGlobalSection
	GlobalSection(ExtensibilityGlobals) = postSolution
		SolutionGuid = {44CCA1C4-0B47-48F1-B4B5-4B47CDDD30EA}
	EndGlobalSection
EndGlobal
